
Microsoft Visual Studio Solution File, Format Version 12.00
Project("{FAE04EC0-301F-11D3-BF4B-00C04F79EFBC}") = "PaymentPlatform.Api", "PaymentPlatform.Api\PaymentPlatform.Api.csproj", "{AC756212-C2E3-4389-9C04-65A3CB0505E8}"
EndProject
Global
	GlobalSection(SolutionConfigurationPlatforms) = preSolution
		Debug|Any CPU = Debug|Any CPU
		Release|Any CPU = Release|Any CPU
	EndGlobalSection
	GlobalSection(ProjectConfigurationPlatforms) = postSolution
		{AC756212-C2E3-4389-9C04-65A3CB0505E8}.Debug|Any CPU.ActiveCfg = Debug|Any CPU
		{AC756212-C2E3-4389-9C04-65A3CB0505E8}.Debug|Any CPU.Build.0 = Debug|Any CPU
		{AC756212-C2E3-4389-9C04-65A3CB0505E8}.Release|Any CPU.ActiveCfg = Release|Any CPU
		{AC756212-C2E3-4389-9C04-65A3CB0505E8}.Release|Any CPU.Build.0 = Release|Any CPU
	EndGlobalSection
EndGlobal
